
Microsoft Visual Studio Solution File, Format Version 12.00
Project("{FAE04EC0-301F-11D3-BF4B-00C04F79EFBC}") = "Sender", "Sender\Sender.csproj", "{C8F34F93-FAB0-4E1A-A65D-7BE1951702F6}"
EndProject
Project("{FAE04EC0-301F-11D3-BF4B-00C04F79EFBC}") = "Listener", "Listener\Listener.csproj", "{96D1F01F-EFD7-4930-B119-902A59E04E8F}"
EndProject
Project("{FAE04EC0-301F-11D3-BF4B-00C04F79EFBC}") = "Core", "Core\Core.csproj", "{BCA6A8FC-F7C8-4C80-B61C-6D46527E5CBD}"
EndProject
Global
	GlobalSection(SolutionConfigurationPlatforms) = preSolution
		Debug|Any CPU = Debug|Any CPU
		Release|Any CPU = Release|Any CPU
	EndGlobalSection
	GlobalSection(ProjectConfigurationPlatforms) = postSolution
		{C8F34F93-FAB0-4E1A-A65D-7BE1951702F6}.Debug|Any CPU.ActiveCfg = Debug|Any CPU
		{C8F34F93-FAB0-4E1A-A65D-7BE1951702F6}.Debug|Any CPU.Build.0 = Debug|Any CPU
		{C8F34F93-FAB0-4E1A-A65D-7BE1951702F6}.Release|Any CPU.ActiveCfg = Release|Any CPU
		{C8F34F93-FAB0-4E1A-A65D-7BE1951702F6}.Release|Any CPU.Build.0 = Release|Any CPU
		{96D1F01F-EFD7-4930-B119-902A59E04E8F}.Debug|Any CPU.ActiveCfg = Debug|Any CPU
		{96D1F01F-EFD7-4930-B119-902A59E04E8F}.Debug|Any CPU.Build.0 = Debug|Any CPU
		{96D1F01F-EFD7-4930-B119-902A59E04E8F}.Release|Any CPU.ActiveCfg = Release|Any CPU
		{96D1F01F-EFD7-4930-B119-902A59E04E8F}.Release|Any CPU.Build.0 = Release|Any CPU
		{BCA6A8FC-F7C8-4C80-B61C-6D46527E5CBD}.Debug|Any CPU.ActiveCfg = Debug|Any CPU
		{BCA6A8FC-F7C8-4C80-B61C-6D46527E5CBD}.Debug|Any CPU.Build.0 = Debug|Any CPU
		{BCA6A8FC-F7C8-4C80-B61C-6D46527E5CBD}.Release|Any CPU.ActiveCfg = Release|Any CPU
		{BCA6A8FC-F7C8-4C80-B61C-6D46527E5CBD}.Release|Any CPU.Build.0 = Release|Any CPU
	EndGlobalSection
EndGlobal
